{
  "originHash" : "7c4c29601637f9cab2fa63e06dfcde00c8871f2d864063db96f5e357254086a7",
  "pins" : [
    {
      "identity" : "bdk-swift",
      "kind" : "remoteSourceControl",
      "location" : "https://github.com/bitcoindevkit/bdk-swift",
      "state" : {
        "revision" : "378330b05e4b144196f43b4d056ecbbbc4c50779",
        "version" : "1.1.0"
      }
    }
  ],
  "version" : 3
}
