{
  "originHash" : "8ee70f033532bb9b2fe011682550714ce37845642476cc8d79061ed5d07afb3b",
  "pins" : [
    {
      "identity" : "bdk-swift",
      "kind" : "remoteSourceControl",
      "location" : "https://github.com/bitcoindevkit/bdk-swift",
      "state" : {
        "revision" : "5bc9c3cddf203f6aa147d77364782bf095e4f84e",
        "version" : "3.0.0"
      }
    }
  ],
  "version" : 3
}
